
Microsoft Visual Studio Solution File, Format Version 12.00
# Visual Studio Version 16
VisualStudioVersion = 16.0.31321.278
MinimumVisualStudioVersion = 10.0.40219.1
Project("{FAE04EC0-301F-11D3-BF4B-00C04F79EFBC}") = "ShopDataBase", "ShopDataBase.csproj", "{4045204D-B947-4467-A620-E0C79D5685B9}"
EndProject
Global
	GlobalSection(SolutionConfigurationPlatforms) = preSolution
		Debug|Any CPU = Debug|Any CPU
		Release|Any CPU = Release|Any CPU
	EndGlobalSection
	GlobalSection(ProjectConfigurationPlatforms) = postSolution
		{4045204D-B947-4467-A620-E0C79D5685B9}.Debug|Any CPU.ActiveCfg = Debug|Any CPU
		{4045204D-B947-4467-A620-E0C79D5685B9}.Debug|Any CPU.Build.0 = Debug|Any CPU
		{4045204D-B947-4467-A620-E0C79D5685B9}.Release|Any CPU.ActiveCfg = Release|Any CPU
		{4045204D-B947-4467-A620-E0C79D5685B9}.Release|Any CPU.Build.0 = Release|Any CPU
	EndGlobalSection
	GlobalSection(SolutionProperties) = preSolution
		HideSolutionNode = FALSE
	EndGlobalSection
	GlobalSection(ExtensibilityGlobals) = postSolution
		SolutionGuid = {FE53FB7D-40AB-4329-A03B-3C778DF2D15A}
	EndGlobalSection
EndGlobal
